
Microsoft Visual Studio Solution File, Format Version 12.00
# Visual Studio Version 16
VisualStudioVersion = 16.0.32228.343
MinimumVisualStudioVersion = 10.0.40219.1
Project("{FAE04EC0-301F-11D3-BF4B-00C04F79EFBC}") = "UniqueFruits", "UniqueFruits.csproj", "{78B44ECF-12AF-4E64-847B-A10EF68B3901}"
EndProject
Global
	GlobalSection(SolutionConfigurationPlatforms) = preSolution
		Debug|Any CPU = Debug|Any CPU
		Release|Any CPU = Release|Any CPU
	EndGlobalSection
	GlobalSection(ProjectConfigurationPlatforms) = postSolution
		{78B44ECF-12AF-4E64-847B-A10EF68B3901}.Debug|Any CPU.ActiveCfg = Debug|Any CPU
		{78B44ECF-12AF-4E64-847B-A10EF68B3901}.Debug|Any CPU.Build.0 = Debug|Any CPU
		{78B44ECF-12AF-4E64-847B-A10EF68B3901}.Release|Any CPU.ActiveCfg = Release|Any CPU
		{78B44ECF-12AF-4E64-847B-A10EF68B3901}.Release|Any CPU.Build.0 = Release|Any CPU
	EndGlobalSection
	GlobalSection(SolutionProperties) = preSolution
		HideSolutionNode = FALSE
	EndGlobalSection
	GlobalSection(ExtensibilityGlobals) = postSolution
		SolutionGuid = {7537D7E1-294B-4DB5-BF14-F0190FF383F3}
	EndGlobalSection
EndGlobal
